
Microsoft Visual Studio Solution File, Format Version 12.00
# Visual Studio Version 16
VisualStudioVersion = 16.0.30503.244
MinimumVisualStudioVersion = 10.0.40219.1
Project("{FAE04EC0-301F-11D3-BF4B-00C04F79EFBC}") = "ConsoleApp1", "ConsoleApp1.csproj", "{B0FDCCD5-221E-45C7-B011-875EB66B35BD}"
EndProject
Global
	GlobalSection(SolutionConfigurationPlatforms) = preSolution
		Debug|Any CPU = Debug|Any CPU
		Release|Any CPU = Release|Any CPU
	EndGlobalSection
	GlobalSection(ProjectConfigurationPlatforms) = postSolution
		{B0FDCCD5-221E-45C7-B011-875EB66B35BD}.Debug|Any CPU.ActiveCfg = Debug|Any CPU
		{B0FDCCD5-221E-45C7-B011-875EB66B35BD}.Debug|Any CPU.Build.0 = Debug|Any CPU
		{B0FDCCD5-221E-45C7-B011-875EB66B35BD}.Release|Any CPU.ActiveCfg = Release|Any CPU
		{B0FDCCD5-221E-45C7-B011-875EB66B35BD}.Release|Any CPU.Build.0 = Release|Any CPU
	EndGlobalSection
	GlobalSection(SolutionProperties) = preSolution
		HideSolutionNode = FALSE
	EndGlobalSection
	GlobalSection(ExtensibilityGlobals) = postSolution
		SolutionGuid = {3F9EEDA9-ACA9-4E26-B04D-9955DBE9C22D}
	EndGlobalSection
EndGlobal
